
Microsoft Visual Studio Solution File, Format Version 12.00
# Visual Studio Version 17
VisualStudioVersion = 17.13.35919.96 d17.13
MinimumVisualStudioVersion = 10.0.40219.1
Project("{FAE04EC0-301F-11D3-BF4B-00C04F79EFBC}") = "TAREAPRO", "TAREAPRO\TAREAPRO.csproj", "{B71FA51B-1661-4401-A13E-147D335C2DE6}"
EndProject
Global
	GlobalSection(SolutionConfigurationPlatforms) = preSolution
		Debug|Any CPU = Debug|Any CPU
		Release|Any CPU = Release|Any CPU
	EndGlobalSection
	GlobalSection(ProjectConfigurationPlatforms) = postSolution
		{B71FA51B-1661-4401-A13E-147D335C2DE6}.Debug|Any CPU.ActiveCfg = Debug|Any CPU
		{B71FA51B-1661-4401-A13E-147D335C2DE6}.Debug|Any CPU.Build.0 = Debug|Any CPU
		{B71FA51B-1661-4401-A13E-147D335C2DE6}.Release|Any CPU.ActiveCfg = Release|Any CPU
		{B71FA51B-1661-4401-A13E-147D335C2DE6}.Release|Any CPU.Build.0 = Release|Any CPU
	EndGlobalSection
	GlobalSection(SolutionProperties) = preSolution
		HideSolutionNode = FALSE
	EndGlobalSection
	GlobalSection(ExtensibilityGlobals) = postSolution
		SolutionGuid = {DBAD5F82-F4BB-415E-849F-E8B86A88B873}
	EndGlobalSection
EndGlobal
